
Microsoft Visual Studio Solution File, Format Version 12.00
# Visual Studio Version 17
VisualStudioVersion = 17.7.34024.191
MinimumVisualStudioVersion = 10.0.40219.1
Project("{FAE04EC0-301F-11D3-BF4B-00C04F79EFBC}") = "13.11", "13.11\13.11.csproj", "{1D41C86D-0767-4488-8D8B-2BB916737059}"
EndProject
Global
	GlobalSection(SolutionConfigurationPlatforms) = preSolution
		Debug|Any CPU = Debug|Any CPU
		Release|Any CPU = Release|Any CPU
	EndGlobalSection
	GlobalSection(ProjectConfigurationPlatforms) = postSolution
		{1D41C86D-0767-4488-8D8B-2BB916737059}.Debug|Any CPU.ActiveCfg = Debug|Any CPU
		{1D41C86D-0767-4488-8D8B-2BB916737059}.Debug|Any CPU.Build.0 = Debug|Any CPU
		{1D41C86D-0767-4488-8D8B-2BB916737059}.Release|Any CPU.ActiveCfg = Release|Any CPU
		{1D41C86D-0767-4488-8D8B-2BB916737059}.Release|Any CPU.Build.0 = Release|Any CPU
	EndGlobalSection
	GlobalSection(SolutionProperties) = preSolution
		HideSolutionNode = FALSE
	EndGlobalSection
	GlobalSection(ExtensibilityGlobals) = postSolution
		SolutionGuid = {A960417A-0CD8-4409-BE5A-045821A099F9}
	EndGlobalSection
EndGlobal
